
Microsoft Visual Studio Solution File, Format Version 12.00
# Visual Studio Version 16
VisualStudioVersion = 16.0.31702.278
MinimumVisualStudioVersion = 10.0.40219.1
Project("{FAE04EC0-301F-11D3-BF4B-00C04F79EFBC}") = "QUANLYKHO", "QUANLYKHO.csproj", "{ADFBA002-3BE1-4C13-9B00-39BF2642F9B8}"
EndProject
Project("{FAE04EC0-301F-11D3-BF4B-00C04F79EFBC}") = "QUANLYKHO.CONTROLLER", "..\QUANLYKHO.CONTROLLER\QUANLYKHO.CONTROLLER.csproj", "{4714D4F1-66EC-4F91-BFA2-39D4B346511D}"
EndProject
Project("{FAE04EC0-301F-11D3-BF4B-00C04F79EFBC}") = "QUANLYKHO.DTO", "..\QUANLYKHO.DTO\QUANLYKHO.DTO.csproj", "{578FD085-EB36-42C8-9BCC-866ABBA0CE10}"
EndProject
Project("{FAE04EC0-301F-11D3-BF4B-00C04F79EFBC}") = "QUANLYKHO.MODEL", "..\QUANLYKHO.MODEL\QUANLYKHO.MODEL.csproj", "{CDC690E3-7571-46DF-ACA0-B908FEBB3D87}"
EndProject
Global
	GlobalSection(SolutionConfigurationPlatforms) = preSolution
		Debug|Any CPU = Debug|Any CPU
		Release|Any CPU = Release|Any CPU
	EndGlobalSection
	GlobalSection(ProjectConfigurationPlatforms) = postSolution
		{ADFBA002-3BE1-4C13-9B00-39BF2642F9B8}.Debug|Any CPU.ActiveCfg = Debug|Any CPU
		{ADFBA002-3BE1-4C13-9B00-39BF2642F9B8}.Debug|Any CPU.Build.0 = Debug|Any CPU
		{ADFBA002-3BE1-4C13-9B00-39BF2642F9B8}.Release|Any CPU.ActiveCfg = Release|Any CPU
		{ADFBA002-3BE1-4C13-9B00-39BF2642F9B8}.Release|Any CPU.Build.0 = Release|Any CPU
		{4714D4F1-66EC-4F91-BFA2-39D4B346511D}.Debug|Any CPU.ActiveCfg = Debug|Any CPU
		{4714D4F1-66EC-4F91-BFA2-39D4B346511D}.Debug|Any CPU.Build.0 = Debug|Any CPU
		{4714D4F1-66EC-4F91-BFA2-39D4B346511D}.Release|Any CPU.ActiveCfg = Release|Any CPU
		{4714D4F1-66EC-4F91-BFA2-39D4B346511D}.Release|Any CPU.Build.0 = Release|Any CPU
		{578FD085-EB36-42C8-9BCC-866ABBA0CE10}.Debug|Any CPU.ActiveCfg = Debug|Any CPU
		{578FD085-EB36-42C8-9BCC-866ABBA0CE10}.Debug|Any CPU.Build.0 = Debug|Any CPU
		{578FD085-EB36-42C8-9BCC-866ABBA0CE10}.Release|Any CPU.ActiveCfg = Release|Any CPU
		{578FD085-EB36-42C8-9BCC-866ABBA0CE10}.Release|Any CPU.Build.0 = Release|Any CPU
		{CDC690E3-7571-46DF-ACA0-B908FEBB3D87}.Debug|Any CPU.ActiveCfg = Debug|Any CPU
		{CDC690E3-7571-46DF-ACA0-B908FEBB3D87}.Debug|Any CPU.Build.0 = Debug|Any CPU
		{CDC690E3-7571-46DF-ACA0-B908FEBB3D87}.Release|Any CPU.ActiveCfg = Release|Any CPU
		{CDC690E3-7571-46DF-ACA0-B908FEBB3D87}.Release|Any CPU.Build.0 = Release|Any CPU
	EndGlobalSection
	GlobalSection(SolutionProperties) = preSolution
		HideSolutionNode = FALSE
	EndGlobalSection
	GlobalSection(ExtensibilityGlobals) = postSolution
		SolutionGuid = {F7F8D929-D944-4AA7-B04E-D161091848C0}
	EndGlobalSection
EndGlobal
